
Microsoft Visual Studio Solution File, Format Version 12.00
# Visual Studio Version 16
VisualStudioVersion = 16.0.29920.165
MinimumVisualStudioVersion = 10.0.40219.1
Project("{FAE04EC0-301F-11D3-BF4B-00C04F79EFBC}") = "SettingsManagerV60", "SettingsManagerV60\SettingsManagerV60.csproj", "{8F5E97D5-FF2E-44FC-86A8-8889932DD5ED}"
EndProject
Project("{FAE04EC0-301F-11D3-BF4B-00C04F79EFBC}") = "SettingsManagerV70", "SettingsManagerV70\SettingsManagerV70.csproj", "{8A571700-28FE-4DE5-9AB7-5CA9A6668595}"
EndProject
Project("{FAE04EC0-301F-11D3-BF4B-00C04F79EFBC}") = "SettingManager", "SettingManager\SettingManager.csproj", "{ECE6DD79-88CF-4A1E-BA74-70E59812A2FD}"
EndProject
Global
	GlobalSection(SolutionConfigurationPlatforms) = preSolution
		Debug|Any CPU = Debug|Any CPU
		Release|Any CPU = Release|Any CPU
	EndGlobalSection
	GlobalSection(ProjectConfigurationPlatforms) = postSolution
		{8F5E97D5-FF2E-44FC-86A8-8889932DD5ED}.Debug|Any CPU.ActiveCfg = Debug|Any CPU
		{8F5E97D5-FF2E-44FC-86A8-8889932DD5ED}.Debug|Any CPU.Build.0 = Debug|Any CPU
		{8F5E97D5-FF2E-44FC-86A8-8889932DD5ED}.Release|Any CPU.ActiveCfg = Release|Any CPU
		{8F5E97D5-FF2E-44FC-86A8-8889932DD5ED}.Release|Any CPU.Build.0 = Release|Any CPU
		{8A571700-28FE-4DE5-9AB7-5CA9A6668595}.Debug|Any CPU.ActiveCfg = Debug|Any CPU
		{8A571700-28FE-4DE5-9AB7-5CA9A6668595}.Debug|Any CPU.Build.0 = Debug|Any CPU
		{8A571700-28FE-4DE5-9AB7-5CA9A6668595}.Release|Any CPU.ActiveCfg = Release|Any CPU
		{8A571700-28FE-4DE5-9AB7-5CA9A6668595}.Release|Any CPU.Build.0 = Release|Any CPU
		{ECE6DD79-88CF-4A1E-BA74-70E59812A2FD}.Debug|Any CPU.ActiveCfg = Debug|Any CPU
		{ECE6DD79-88CF-4A1E-BA74-70E59812A2FD}.Debug|Any CPU.Build.0 = Debug|Any CPU
		{ECE6DD79-88CF-4A1E-BA74-70E59812A2FD}.Release|Any CPU.ActiveCfg = Release|Any CPU
		{ECE6DD79-88CF-4A1E-BA74-70E59812A2FD}.Release|Any CPU.Build.0 = Release|Any CPU
	EndGlobalSection
	GlobalSection(SolutionProperties) = preSolution
		HideSolutionNode = FALSE
	EndGlobalSection
	GlobalSection(ExtensibilityGlobals) = postSolution
		SolutionGuid = {C23CCA2C-9378-48EA-B68C-DD723A6C93EE}
	EndGlobalSection
EndGlobal
